<?xml version="1.0" encoding="utf-8"?>
<Project ToolsVersion="4.0" xmlns="http://schemas.microsoft.com/developer/msbuild/2003">
  <ItemGroup>
    <Filter Include="Source Files">
      <UniqueIdentifier>{4FC737F1-C7A5-4376-A066-2A32D752A2FF}</UniqueIdentifier>
      <Extensions>cpp;c;cc;cxx</Extensions>
    </Filter>
    <Filter Include="Header Files">
      <UniqueIdentifier>{93995380-89BD-4b04-88EB-625FBE52EBFB}</UniqueIdentifier>
      <Extensions>h;hh;hpp;hxx</Extensions>
    </Filter>
    <Filter Include="Shaders">
      <UniqueIdentifier>{67DA6AB6-F800-4c08-8B7A-83BB121AAD01}</UniqueIdentifier>
      <Extensions>vert;frag;glsl</Extensions>
    </Filter>
    <Filter Include="Third Party">
      <UniqueIdentifier>{B5F5E4C1-2D3A-4B6E-9F1A-8C7D2E0F3A5B}</UniqueIdentifier>
    </Filter>
    <Filter Include="Third Party\ImGui">
      <UniqueIdentifier>{C6A4F7D2-3E4B-5C7F-A2B1-9D8E3F0A4C6D}</UniqueIdentifier>
    </Filter>
  </ItemGroup>

  <!-- Source files -->
  <ItemGroup>
    <ClCompile Include="src\main.cpp">
      <Filter>Source Files</Filter>
    </ClCompile>
    <ClCompile Include="src\Grid.cpp">
      <Filter>Source Files</Filter>
    </ClCompile>
    <ClCompile Include="src\Simulation.cpp">
      <Filter>Source Files</Filter>
    </ClCompile>
    <ClCompile Include="src\Renderer.cpp">
      <Filter>Source Files</Filter>
    </ClCompile>
    <ClCompile Include="src\ShaderUtils.cpp">
      <Filter>Source Files</Filter>
    </ClCompile>
    <ClCompile Include="src\GaussianBlur.cpp">
      <Filter>Source Files</Filter>
    </ClCompile>
    <ClCompile Include="src\KubelkaMunk.cpp">
      <Filter>Source Files</Filter>
    </ClCompile>
    <ClCompile Include="src\PerlinNoise.cpp">
      <Filter>Source Files</Filter>
    </ClCompile>
  </ItemGroup>

  <!-- Header files -->
  <ItemGroup>
    <ClInclude Include="src\Grid.h">
      <Filter>Header Files</Filter>
    </ClInclude>
    <ClInclude Include="src\Simulation.h">
      <Filter>Header Files</Filter>
    </ClInclude>
    <ClInclude Include="src\Renderer.h">
      <Filter>Header Files</Filter>
    </ClInclude>
    <ClInclude Include="src\ShaderUtils.h">
      <Filter>Header Files</Filter>
    </ClInclude>
    <ClInclude Include="src\GaussianBlur.h">
      <Filter>Header Files</Filter>
    </ClInclude>
    <ClInclude Include="src\KubelkaMunk.h">
      <Filter>Header Files</Filter>
    </ClInclude>
    <ClInclude Include="src\PerlinNoise.h">
      <Filter>Header Files</Filter>
    </ClInclude>
  </ItemGroup>

  <!-- Shaders -->
  <ItemGroup>
    <None Include="Res\shader.vert">
      <Filter>Shaders</Filter>
    </None>
    <None Include="Res\shader.frag">
      <Filter>Shaders</Filter>
    </None>
  </ItemGroup>

  <!-- Dear ImGui -->
  <ItemGroup>
    <ClCompile Include="third_party\imgui\imgui.cpp">
      <Filter>Third Party\ImGui</Filter>
    </ClCompile>
    <ClCompile Include="third_party\imgui\imgui_draw.cpp">
      <Filter>Third Party\ImGui</Filter>
    </ClCompile>
    <ClCompile Include="third_party\imgui\imgui_tables.cpp">
      <Filter>Third Party\ImGui</Filter>
    </ClCompile>
    <ClCompile Include="third_party\imgui\imgui_widgets.cpp">
      <Filter>Third Party\ImGui</Filter>
    </ClCompile>
    <ClCompile Include="third_party\imgui\imgui_impl_glfw.cpp">
      <Filter>Third Party\ImGui</Filter>
    </ClCompile>
    <ClCompile Include="third_party\imgui\imgui_impl_opengl3.cpp">
      <Filter>Third Party\ImGui</Filter>
    </ClCompile>
  </ItemGroup>
</Project>
